
Microsoft Visual Studio Solution File, Format Version 12.00
# Visual Studio Version 16
VisualStudioVersion = 16.0.33529.622
MinimumVisualStudioVersion = 10.0.40219.1
Project("{FAE04EC0-301F-11D3-BF4B-00C04F79EFBC}") = "DirectorWorkSaifutdinov", "DirectorWorkSaifutdinov\DirectorWorkSaifutdinov.csproj", "{8ED945D0-5A98-406B-8672-72722A57C1AD}"
EndProject
Global
	GlobalSection(SolutionConfigurationPlatforms) = preSolution
		Debug|Any CPU = Debug|Any CPU
		Release|Any CPU = Release|Any CPU
	EndGlobalSection
	GlobalSection(ProjectConfigurationPlatforms) = postSolution
		{8ED945D0-5A98-406B-8672-72722A57C1AD}.Debug|Any CPU.ActiveCfg = Debug|Any CPU
		{8ED945D0-5A98-406B-8672-72722A57C1AD}.Debug|Any CPU.Build.0 = Debug|Any CPU
		{8ED945D0-5A98-406B-8672-72722A57C1AD}.Release|Any CPU.ActiveCfg = Release|Any CPU
		{8ED945D0-5A98-406B-8672-72722A57C1AD}.Release|Any CPU.Build.0 = Release|Any CPU
	EndGlobalSection
	GlobalSection(SolutionProperties) = preSolution
		HideSolutionNode = FALSE
	EndGlobalSection
	GlobalSection(ExtensibilityGlobals) = postSolution
		SolutionGuid = {FEDE55A6-E246-41A2-89F7-4FB7EC31954B}
	EndGlobalSection
EndGlobal
